{
  "nodes": {
    "cosmic-applets-collection": {
      "inputs": {
        "nixpkgs": "nixpkgs"
      },
      "locked": {
        "lastModified": 1765040669,
        "narHash": "sha256-TdQeMh1gauB8XF6Tmv6S9PcavABdYY/0ofH/NFPNyts=",
        "owner": "wingej0",
        "repo": "ext-cosmic-applets-flake",
        "rev": "2fc84efe6660070c739e0ef3d590124d58b60e10",
        "type": "github"
      },
      "original": {
        "owner": "wingej0",
        "repo": "ext-cosmic-applets-flake",
        "type": "github"
      }
    },
    "flake-parts": {
      "inputs": {
        "nixpkgs-lib": [
          "nur",
          "nixpkgs"
        ]
      },
      "locked": {
        "lastModified": 1733312601,
        "narHash": "sha256-4pDvzqnegAfRkPwO3wmwBhVi/Sye1mzps0zHWYnP88c=",
        "owner": "hercules-ci",
        "repo": "flake-parts",
        "rev": "205b12d8b7cd4802fbcb8e8ef6a0f1408781a4f9",
        "type": "github"
      },
      "original": {
        "owner": "hercules-ci",
        "repo": "flake-parts",
        "type": "github"
      }
    },
    "home-manager": {
      "inputs": {
        "nixpkgs": [
          "nixpkgs"
        ]
      },
      "locked": {
        "lastModified": 1770318660,
        "narHash": "sha256-yFVde8QZK7Dc0Xa8eQDsmxLX4NJNfL1NKfctSyiQgMY=",
        "owner": "nix-community",
        "repo": "home-manager",
        "rev": "471e6a065f9efed51488d7c51a9abbd387df91b8",
        "type": "github"
      },
      "original": {
        "owner": "nix-community",
        "repo": "home-manager",
        "type": "github"
      }
    },
    "home-manager-stable": {
      "inputs": {
        "nixpkgs": [
          "nixpkgs-stable"
        ]
      },
      "locked": {
        "lastModified": 1770260404,
        "narHash": "sha256-3iVX1+7YUIt23hBx1WZsUllhbmP2EnXrV8tCRbLxHc8=",
        "owner": "nix-community",
        "repo": "home-manager",
        "rev": "0d782ee42c86b196acff08acfbf41bb7d13eed5b",
        "type": "github"
      },
      "original": {
        "owner": "nix-community",
        "ref": "release-25.11",
        "repo": "home-manager",
        "type": "github"
      }
    },
    "home-manager_2": {
      "inputs": {
        "nixpkgs": [
          "impermanence",
          "nixpkgs"
        ]
      },
      "locked": {
        "lastModified": 1768598210,
        "narHash": "sha256-kkgA32s/f4jaa4UG+2f8C225Qvclxnqs76mf8zvTVPg=",
        "owner": "nix-community",
        "repo": "home-manager",
        "rev": "c47b2cc64a629f8e075de52e4742de688f930dc6",
        "type": "github"
      },
      "original": {
        "owner": "nix-community",
        "repo": "home-manager",
        "type": "github"
      }
    },
    "home-manager_3": {
      "inputs": {
        "nixpkgs": [
          "zen-browser",
          "nixpkgs"
        ]
      },
      "locked": {
        "lastModified": 1769872935,
        "narHash": "sha256-07HMIGQ/WJeAQJooA7Kkg1SDKxhAiV6eodvOwTX6WKI=",
        "owner": "nix-community",
        "repo": "home-manager",
        "rev": "f4ad5068ee8e89e4a7c2e963e10dd35cd77b37b7",
        "type": "github"
      },
      "original": {
        "owner": "nix-community",
        "repo": "home-manager",
        "type": "github"
      }
    },
    "impermanence": {
      "inputs": {
        "home-manager": "home-manager_2",
        "nixpkgs": "nixpkgs_2"
      },
      "locked": {
        "lastModified": 1769548169,
        "narHash": "sha256-03+JxvzmfwRu+5JafM0DLbxgHttOQZkUtDWBmeUkN8Y=",
        "owner": "nix-community",
        "repo": "impermanence",
        "rev": "7b1d382faf603b6d264f58627330f9faa5cba149",
        "type": "github"
      },
      "original": {
        "owner": "nix-community",
        "repo": "impermanence",
        "type": "github"
      }
    },
    "nix-flatpak": {
      "locked": {
        "lastModified": 1767983141,
        "narHash": "sha256-7ZCulYUD9RmJIDULTRkGLSW1faMpDlPKcbWJLYHoXcs=",
        "owner": "gmodena",
        "repo": "nix-flatpak",
        "rev": "440818969ac2cbd77bfe025e884d0aa528991374",
        "type": "github"
      },
      "original": {
        "owner": "gmodena",
        "ref": "latest",
        "repo": "nix-flatpak",
        "type": "github"
      }
    },
    "nixpkgs": {
      "locked": {
        "lastModified": 1756787288,
        "narHash": "sha256-rw/PHa1cqiePdBxhF66V7R+WAP8WekQ0mCDG4CFqT8Y=",
        "owner": "nixos",
        "repo": "nixpkgs",
        "rev": "d0fc30899600b9b3466ddb260fd83deb486c32f1",
        "type": "github"
      },
      "original": {
        "owner": "nixos",
        "ref": "nixos-unstable",
        "repo": "nixpkgs",
        "type": "github"
      }
    },
    "nixpkgs-stable": {
      "locked": {
        "lastModified": 1770136044,
        "narHash": "sha256-tlFqNG/uzz2++aAmn4v8J0vAkV3z7XngeIIB3rM3650=",
        "owner": "nixos",
        "repo": "nixpkgs",
        "rev": "e576e3c9cf9bad747afcddd9e34f51d18c855b4e",
        "type": "github"
      },
      "original": {
        "owner": "nixos",
        "ref": "nixos-25.11",
        "repo": "nixpkgs",
        "type": "github"
      }
    },
    "nixpkgs_2": {
      "locked": {
        "lastModified": 1768564909,
        "narHash": "sha256-Kell/SpJYVkHWMvnhqJz/8DqQg2b6PguxVWOuadbHCc=",
        "owner": "nixos",
        "repo": "nixpkgs",
        "rev": "e4bae1bd10c9c57b2cf517953ab70060a828ee6f",
        "type": "github"
      },
      "original": {
        "owner": "nixos",
        "ref": "nixos-unstable",
        "repo": "nixpkgs",
        "type": "github"
      }
    },
    "nixpkgs_3": {
      "locked": {
        "lastModified": 1770197578,
        "narHash": "sha256-AYqlWrX09+HvGs8zM6ebZ1pwUqjkfpnv8mewYwAo+iM=",
        "owner": "nixos",
        "repo": "nixpkgs",
        "rev": "00c21e4c93d963c50d4c0c89bfa84ed6e0694df2",
        "type": "github"
      },
      "original": {
        "owner": "nixos",
        "ref": "nixos-unstable",
        "repo": "nixpkgs",
        "type": "github"
      }
    },
    "nur": {
      "inputs": {
        "flake-parts": "flake-parts",
        "nixpkgs": [
          "nixpkgs"
        ]
      },
      "locked": {
        "lastModified": 1770392205,
        "narHash": "sha256-twpTMfpAknPqMxjwUqyv6fvaw+xLs3MhMKLxqXbO3zw=",
        "owner": "nix-community",
        "repo": "NUR",
        "rev": "dbad547d939147cbc5313215a4722d276316c225",
        "type": "github"
      },
      "original": {
        "owner": "nix-community",
        "repo": "NUR",
        "type": "github"
      }
    },
    "plasma-manager": {
      "inputs": {
        "home-manager": [
          "home-manager"
        ],
        "nixpkgs": [
          "nixpkgs"
        ]
      },
      "locked": {
        "lastModified": 1769956244,
        "narHash": "sha256-12RCFLyAedyMOdenUi7cN3ioJPEGjA/ZG1BLjugfUVs=",
        "owner": "nix-community",
        "repo": "plasma-manager",
        "rev": "fe54ea85c6e4413fba03b84d50f2b431d2f7c831",
        "type": "github"
      },
      "original": {
        "owner": "nix-community",
        "repo": "plasma-manager",
        "type": "github"
      }
    },
    "qtile-extras-flake": {
      "flake": false,
      "locked": {
        "lastModified": 1767289299,
        "narHash": "sha256-E5Vhs10FEBMxLVs42t+do7ohwv9E37rrGaV4O0cfijY=",
        "owner": "elparaguayo",
        "repo": "qtile-extras",
        "rev": "5385980865656e7d1013826c33e9e7d3d95719dd",
        "type": "github"
      },
      "original": {
        "owner": "elparaguayo",
        "repo": "qtile-extras",
        "type": "github"
      }
    },
    "qtile-flake": {
      "inputs": {
        "nixpkgs": [
          "nixpkgs"
        ]
      },
      "locked": {
        "lastModified": 1770391066,
        "narHash": "sha256-upICgLQLOL1TBgIQ79ZYqBglyXLVNLNVKAVKcPQ2gVI=",
        "owner": "qtile",
        "repo": "qtile",
        "rev": "3505e06311665dcb69c77f1e9721dd6d52e3a176",
        "type": "github"
      },
      "original": {
        "owner": "qtile",
        "repo": "qtile",
        "type": "github"
      }
    },
    "root": {
      "inputs": {
        "cosmic-applets-collection": "cosmic-applets-collection",
        "home-manager": "home-manager",
        "home-manager-stable": "home-manager-stable",
        "impermanence": "impermanence",
        "nix-flatpak": "nix-flatpak",
        "nixpkgs": "nixpkgs_3",
        "nixpkgs-stable": "nixpkgs-stable",
        "nur": "nur",
        "plasma-manager": "plasma-manager",
        "qtile-extras-flake": "qtile-extras-flake",
        "qtile-flake": "qtile-flake",
        "zen-browser": "zen-browser"
      }
    },
    "zen-browser": {
      "inputs": {
        "home-manager": "home-manager_3",
        "nixpkgs": [
          "nixpkgs"
        ]
      },
      "locked": {
        "lastModified": 1770382887,
        "narHash": "sha256-on4vg7ctpMPzKWcvXPtV095aal6KUPDSKV9+I8HhQtY=",
        "owner": "0xc000022070",
        "repo": "zen-browser-flake",
        "rev": "58aa8fb418e2853382d52453a6a7739125f2b8e0",
        "type": "github"
      },
      "original": {
        "owner": "0xc000022070",
        "repo": "zen-browser-flake",
        "type": "github"
      }
    }
  },
  "root": "root",
  "version": 7
}
