{
  "nodes": {
    "cosmic-applets-collection": {
      "inputs": {
        "nixpkgs": "nixpkgs"
      },
      "locked": {
        "lastModified": 1760364987,
        "narHash": "sha256-7WVGlF9sjvBrF1YqDdfWCTNboC1kGio2OdCWipyPaNs=",
        "owner": "wingej0",
        "repo": "ext-cosmic-applets-flake",
        "rev": "5a41152d2c15eb1c8230137ce53d8ab29eb2438c",
        "type": "github"
      },
      "original": {
        "owner": "wingej0",
        "repo": "ext-cosmic-applets-flake",
        "type": "github"
      }
    },
    "flake-parts": {
      "inputs": {
        "nixpkgs-lib": [
          "nur",
          "nixpkgs"
        ]
      },
      "locked": {
        "lastModified": 1733312601,
        "narHash": "sha256-4pDvzqnegAfRkPwO3wmwBhVi/Sye1mzps0zHWYnP88c=",
        "owner": "hercules-ci",
        "repo": "flake-parts",
        "rev": "205b12d8b7cd4802fbcb8e8ef6a0f1408781a4f9",
        "type": "github"
      },
      "original": {
        "owner": "hercules-ci",
        "repo": "flake-parts",
        "type": "github"
      }
    },
    "home-manager": {
      "inputs": {
        "nixpkgs": [
          "nixpkgs"
        ]
      },
      "locked": {
        "lastModified": 1761191301,
        "narHash": "sha256-xsRL2Oyb4YRZZ1Tu4WzR2uFg1n931bH+PfLdFcqtLg8=",
        "owner": "nix-community",
        "repo": "home-manager",
        "rev": "4958aafe7b237dc1e857fb0c916efff72075048f",
        "type": "github"
      },
      "original": {
        "owner": "nix-community",
        "repo": "home-manager",
        "type": "github"
      }
    },
    "impermanence": {
      "locked": {
        "lastModified": 1737831083,
        "narHash": "sha256-LJggUHbpyeDvNagTUrdhe/pRVp4pnS6wVKALS782gRI=",
        "owner": "nix-community",
        "repo": "impermanence",
        "rev": "4b3e914cdf97a5b536a889e939fb2fd2b043a170",
        "type": "github"
      },
      "original": {
        "owner": "nix-community",
        "repo": "impermanence",
        "type": "github"
      }
    },
    "nixpkgs": {
      "locked": {
        "lastModified": 1756787288,
        "narHash": "sha256-rw/PHa1cqiePdBxhF66V7R+WAP8WekQ0mCDG4CFqT8Y=",
        "owner": "nixos",
        "repo": "nixpkgs",
        "rev": "d0fc30899600b9b3466ddb260fd83deb486c32f1",
        "type": "github"
      },
      "original": {
        "owner": "nixos",
        "ref": "nixos-unstable",
        "repo": "nixpkgs",
        "type": "github"
      }
    },
    "nixpkgs_2": {
      "locked": {
        "lastModified": 1761114652,
        "narHash": "sha256-f/QCJM/YhrV/lavyCVz8iU3rlZun6d+dAiC3H+CDle4=",
        "owner": "nixos",
        "repo": "nixpkgs",
        "rev": "01f116e4df6a15f4ccdffb1bcd41096869fb385c",
        "type": "github"
      },
      "original": {
        "owner": "nixos",
        "ref": "nixos-unstable",
        "repo": "nixpkgs",
        "type": "github"
      }
    },
    "nur": {
      "inputs": {
        "flake-parts": "flake-parts",
        "nixpkgs": [
          "nixpkgs"
        ]
      },
      "locked": {
        "lastModified": 1761227595,
        "narHash": "sha256-pkTrqnh4mT4en5jHvhQvx8zJ5PeogRFqMm/iWzM+CxA=",
        "owner": "nix-community",
        "repo": "NUR",
        "rev": "830e640d38ef6b5bacc5aaf18c647816acf3dc10",
        "type": "github"
      },
      "original": {
        "owner": "nix-community",
        "repo": "NUR",
        "type": "github"
      }
    },
    "root": {
      "inputs": {
        "cosmic-applets-collection": "cosmic-applets-collection",
        "home-manager": "home-manager",
        "impermanence": "impermanence",
        "nixpkgs": "nixpkgs_2",
        "nur": "nur"
      }
    }
  },
  "root": "root",
  "version": 7
}
