{
  "nodes": {
    "cosmic-ext-applet-clipboard-manager": {
      "flake": false,
      "locked": {
        "lastModified": 1747753154,
        "narHash": "sha256-RmlMevxncbQXk92JEo0jHoCapCRXJJ4hp+/w65PIr5M=",
        "owner": "cosmic-utils",
        "repo": "clipboard-manager",
        "rev": "d4880fbcf5fdeb5b84e4d78f27c16bf17f213ae9",
        "type": "github"
      },
      "original": {
        "owner": "cosmic-utils",
        "repo": "clipboard-manager",
        "type": "github"
      }
    },
    "flake-parts": {
      "inputs": {
        "nixpkgs-lib": [
          "nur",
          "nixpkgs"
        ]
      },
      "locked": {
        "lastModified": 1733312601,
        "narHash": "sha256-4pDvzqnegAfRkPwO3wmwBhVi/Sye1mzps0zHWYnP88c=",
        "owner": "hercules-ci",
        "repo": "flake-parts",
        "rev": "205b12d8b7cd4802fbcb8e8ef6a0f1408781a4f9",
        "type": "github"
      },
      "original": {
        "owner": "hercules-ci",
        "repo": "flake-parts",
        "type": "github"
      }
    },
    "home-manager": {
      "inputs": {
        "nixpkgs": [
          "nixpkgs"
        ]
      },
      "locked": {
        "lastModified": 1749657191,
        "narHash": "sha256-QLilaHuhGxiwhgceDWESj9gFcKIdEp7+9lRqNGpN8S4=",
        "owner": "nix-community",
        "repo": "home-manager",
        "rev": "faeab32528a9360e9577ff4082de2d35c6bbe1ce",
        "type": "github"
      },
      "original": {
        "owner": "nix-community",
        "repo": "home-manager",
        "type": "github"
      }
    },
    "impermanence": {
      "locked": {
        "lastModified": 1737831083,
        "narHash": "sha256-LJggUHbpyeDvNagTUrdhe/pRVp4pnS6wVKALS782gRI=",
        "owner": "nix-community",
        "repo": "impermanence",
        "rev": "4b3e914cdf97a5b536a889e939fb2fd2b043a170",
        "type": "github"
      },
      "original": {
        "owner": "nix-community",
        "repo": "impermanence",
        "type": "github"
      }
    },
    "nixpkgs": {
      "locked": {
        "lastModified": 1749285348,
        "narHash": "sha256-frdhQvPbmDYaScPFiCnfdh3B/Vh81Uuoo0w5TkWmmjU=",
        "owner": "nixos",
        "repo": "nixpkgs",
        "rev": "3e3afe5174c561dee0df6f2c2b2236990146329f",
        "type": "github"
      },
      "original": {
        "owner": "nixos",
        "ref": "nixos-unstable",
        "repo": "nixpkgs",
        "type": "github"
      }
    },
    "nur": {
      "inputs": {
        "flake-parts": "flake-parts",
        "nixpkgs": [
          "nixpkgs"
        ],
        "treefmt-nix": "treefmt-nix"
      },
      "locked": {
        "lastModified": 1749724140,
        "narHash": "sha256-OYoDZEeWnBHE2VNeG8FQx2Ong7G0+sAp8NlhPFwtUOA=",
        "owner": "nix-community",
        "repo": "NUR",
        "rev": "41f960a8c103ea9401a876e38dffb56c3e3040b8",
        "type": "github"
      },
      "original": {
        "owner": "nix-community",
        "repo": "NUR",
        "type": "github"
      }
    },
    "qtile-extras": {
      "flake": false,
      "locked": {
        "lastModified": 1749530350,
        "narHash": "sha256-NMbgSStXJV8fVtula1cyIwFlD8WrO8kBnOphDxbig04=",
        "owner": "elparaguayo",
        "repo": "qtile-extras",
        "rev": "4474df55a9a815ac8a2be6e09bc94e017e5e1b50",
        "type": "github"
      },
      "original": {
        "owner": "elparaguayo",
        "repo": "qtile-extras",
        "type": "github"
      }
    },
    "qtile-flake": {
      "inputs": {
        "nixpkgs": [
          "nixpkgs"
        ]
      },
      "locked": {
        "lastModified": 1749516886,
        "narHash": "sha256-UF4gRmcevtH9WNA7g/pwcciJcDariXcMNpqya68mQ38=",
        "owner": "qtile",
        "repo": "qtile",
        "rev": "db58974991621f8606a580cecb6ed2d84cba6dc4",
        "type": "github"
      },
      "original": {
        "owner": "qtile",
        "repo": "qtile",
        "type": "github"
      }
    },
    "root": {
      "inputs": {
        "cosmic-ext-applet-clipboard-manager": "cosmic-ext-applet-clipboard-manager",
        "home-manager": "home-manager",
        "impermanence": "impermanence",
        "nixpkgs": "nixpkgs",
        "nur": "nur",
        "qtile-extras": "qtile-extras",
        "qtile-flake": "qtile-flake"
      }
    },
    "treefmt-nix": {
      "inputs": {
        "nixpkgs": [
          "nur",
          "nixpkgs"
        ]
      },
      "locked": {
        "lastModified": 1733222881,
        "narHash": "sha256-JIPcz1PrpXUCbaccEnrcUS8jjEb/1vJbZz5KkobyFdM=",
        "owner": "numtide",
        "repo": "treefmt-nix",
        "rev": "49717b5af6f80172275d47a418c9719a31a78b53",
        "type": "github"
      },
      "original": {
        "owner": "numtide",
        "repo": "treefmt-nix",
        "type": "github"
      }
    }
  },
  "root": "root",
  "version": 7
}
